
Microsoft Visual Studio Solution File, Format Version 12.00
# Visual Studio Version 16
VisualStudioVersion = 16.0.30907.101
MinimumVisualStudioVersion = 10.0.40219.1
Project("{FAE04EC0-301F-11D3-BF4B-00C04F79EFBC}") = "B2Projekat", "B2Projekat\B2Projekat.csproj", "{13179603-0BDE-4060-B46A-34926D8872E4}"
EndProject
Project("{FAE04EC0-301F-11D3-BF4B-00C04F79EFBC}") = "CRUD", "..\CRUD\CRUD.csproj", "{F927B844-5DCE-4623-B7A5-9CCB1233D444}"
EndProject
Global
	GlobalSection(SolutionConfigurationPlatforms) = preSolution
		Debug|Any CPU = Debug|Any CPU
		Release|Any CPU = Release|Any CPU
	EndGlobalSection
	GlobalSection(ProjectConfigurationPlatforms) = postSolution
		{13179603-0BDE-4060-B46A-34926D8872E4}.Debug|Any CPU.ActiveCfg = Debug|Any CPU
		{13179603-0BDE-4060-B46A-34926D8872E4}.Debug|Any CPU.Build.0 = Debug|Any CPU
		{13179603-0BDE-4060-B46A-34926D8872E4}.Release|Any CPU.ActiveCfg = Release|Any CPU
		{13179603-0BDE-4060-B46A-34926D8872E4}.Release|Any CPU.Build.0 = Release|Any CPU
		{F927B844-5DCE-4623-B7A5-9CCB1233D444}.Debug|Any CPU.ActiveCfg = Debug|Any CPU
		{F927B844-5DCE-4623-B7A5-9CCB1233D444}.Debug|Any CPU.Build.0 = Debug|Any CPU
		{F927B844-5DCE-4623-B7A5-9CCB1233D444}.Release|Any CPU.ActiveCfg = Release|Any CPU
		{F927B844-5DCE-4623-B7A5-9CCB1233D444}.Release|Any CPU.Build.0 = Release|Any CPU
	EndGlobalSection
	GlobalSection(SolutionProperties) = preSolution
		HideSolutionNode = FALSE
	EndGlobalSection
	GlobalSection(ExtensibilityGlobals) = postSolution
		SolutionGuid = {3F08E9C7-6F3C-4322-BFA6-D4A3B69936A5}
	EndGlobalSection
EndGlobal
